Microsoft Visual Studio Solution File, Format Version 12.00
# Visual Studio Version 17
VisualStudioVersion = 17.0.31903.59
MinimumVisualStudioVersion = 10.0.40219.1
Project("{FAE04EC0-301F-11D3-BF4B-00C04F79EFBC}") = "StarImageViewer.Core", "src\StarImageViewer.Core\StarImageViewer.Core.csproj", "{BF4FE5E8-899F-41DA-98C8-5A590B2BE56C}"
EndProject
Project("{FAE04EC0-301F-11D3-BF4B-00C04F79EFBC}") = "StarImageViewer", "src\StarImageViewer\StarImageViewer.csproj", "{6F5B8A67-98E7-421A-BAC4-E96981A1B883}"
EndProject
Project("{FAE04EC0-301F-11D3-BF4B-00C04F79EFBC}") = "StarImageViewer.ThumbnailWorker", "src\StarImageViewer.ThumbnailWorker\StarImageViewer.ThumbnailWorker.csproj", "{E5F6BDEA-B86A-4D23-AC2D-320D60966911}"
EndProject
Project("{8BC9CEB8-8B4A-11D0-8D11-00A0C91BC942}") = "StarImageViewer.NativeThumbnailProvider", "src\StarImageViewer.NativeThumbnailProvider\StarImageViewer.NativeThumbnailProvider.vcxproj", "{4DA4746D-2333-4B93-B833-8A0F1EECA31E}"
EndProject
Global
	GlobalSection(SolutionConfigurationPlatforms) = preSolution
		Debug|x64 = Debug|x64
		Release|x64 = Release|x64
	EndGlobalSection
	GlobalSection(ProjectConfigurationPlatforms) = postSolution
		{BF4FE5E8-899F-41DA-98C8-5A590B2BE56C}.Debug|x64.ActiveCfg = Debug|x64
		{BF4FE5E8-899F-41DA-98C8-5A590B2BE56C}.Debug|x64.Build.0 = Debug|x64
		{BF4FE5E8-899F-41DA-98C8-5A590B2BE56C}.Release|x64.ActiveCfg = Release|x64
		{BF4FE5E8-899F-41DA-98C8-5A590B2BE56C}.Release|x64.Build.0 = Release|x64
		{6F5B8A67-98E7-421A-BAC4-E96981A1B883}.Debug|x64.ActiveCfg = Debug|x64
		{6F5B8A67-98E7-421A-BAC4-E96981A1B883}.Debug|x64.Build.0 = Debug|x64
		{6F5B8A67-98E7-421A-BAC4-E96981A1B883}.Release|x64.ActiveCfg = Release|x64
		{6F5B8A67-98E7-421A-BAC4-E96981A1B883}.Release|x64.Build.0 = Release|x64
		{E5F6BDEA-B86A-4D23-AC2D-320D60966911}.Debug|x64.ActiveCfg = Debug|x64
		{E5F6BDEA-B86A-4D23-AC2D-320D60966911}.Debug|x64.Build.0 = Debug|x64
		{E5F6BDEA-B86A-4D23-AC2D-320D60966911}.Release|x64.ActiveCfg = Release|x64
		{E5F6BDEA-B86A-4D23-AC2D-320D60966911}.Release|x64.Build.0 = Release|x64
		{4DA4746D-2333-4B93-B833-8A0F1EECA31E}.Debug|x64.ActiveCfg = Debug|x64
		{4DA4746D-2333-4B93-B833-8A0F1EECA31E}.Debug|x64.Build.0 = Debug|x64
		{4DA4746D-2333-4B93-B833-8A0F1EECA31E}.Release|x64.ActiveCfg = Release|x64
		{4DA4746D-2333-4B93-B833-8A0F1EECA31E}.Release|x64.Build.0 = Release|x64
	EndGlobalSection
EndGlobal
